
Microsoft Visual Studio Solution File, Format Version 12.00
# Visual Studio Version 17
VisualStudioVersion = 17.5.2.0
MinimumVisualStudioVersion = 10.0.40219.1
Project("{2150E333-8FDC-42A3-9474-1A3956D46DE8}") = "backend", "backend", "{1AE8ACA6-933B-BF2A-3671-3E2EAC007D16}"
EndProject
Project("{FAE04EC0-301F-11D3-BF4B-00C04F79EFBC}") = "Restaurant.Domain", "backend\Restaurant.Domain\Restaurant.Domain.csproj", "{8B41540C-8F11-444C-9F22-CC012C47165E}"
EndProject
Project("{FAE04EC0-301F-11D3-BF4B-00C04F79EFBC}") = "Restaurant.DataAccess", "backend\Restaurant.DataAccess\Restaurant.DataAccess.csproj", "{F158B7F6-6478-45DA-95D2-042DB0215C48}"
EndProject
Project("{FAE04EC0-301F-11D3-BF4B-00C04F79EFBC}") = "Restaurant.BusinessLayer", "backend\Restaurant.BusinessLayer\Restaurant.BusinessLayer.csproj", "{8CE2DCCC-B37E-4FC0-A2B7-6534FB747D5A}"
EndProject
Project("{FAE04EC0-301F-11D3-BF4B-00C04F79EFBC}") = "Restaurant.Api", "backend\Restaurant.Api\Restaurant.Api.csproj", "{FE4ACE06-DE8F-42D9-90F8-F41B562C16F8}"
EndProject
Global
	GlobalSection(SolutionConfigurationPlatforms) = preSolution
		Debug|Any CPU = Debug|Any CPU
		Debug|x64 = Debug|x64
		Debug|x86 = Debug|x86
		Release|Any CPU = Release|Any CPU
		Release|x64 = Release|x64
		Release|x86 = Release|x86
	EndGlobalSection
	GlobalSection(ProjectConfigurationPlatforms) = postSolution
		{8B41540C-8F11-444C-9F22-CC012C47165E}.Debug|Any CPU.ActiveCfg = Debug|Any CPU
		{8B41540C-8F11-444C-9F22-CC012C47165E}.Debug|Any CPU.Build.0 = Debug|Any CPU
		{8B41540C-8F11-444C-9F22-CC012C47165E}.Debug|x64.ActiveCfg = Debug|Any CPU
		{8B41540C-8F11-444C-9F22-CC012C47165E}.Debug|x64.Build.0 = Debug|Any CPU
		{8B41540C-8F11-444C-9F22-CC012C47165E}.Debug|x86.ActiveCfg = Debug|Any CPU
		{8B41540C-8F11-444C-9F22-CC012C47165E}.Debug|x86.Build.0 = Debug|Any CPU
		{8B41540C-8F11-444C-9F22-CC012C47165E}.Release|Any CPU.ActiveCfg = Release|Any CPU
		{8B41540C-8F11-444C-9F22-CC012C47165E}.Release|Any CPU.Build.0 = Release|Any CPU
		{8B41540C-8F11-444C-9F22-CC012C47165E}.Release|x64.ActiveCfg = Release|Any CPU
		{8B41540C-8F11-444C-9F22-CC012C47165E}.Release|x64.Build.0 = Release|Any CPU
		{8B41540C-8F11-444C-9F22-CC012C47165E}.Release|x86.ActiveCfg = Release|Any CPU
		{8B41540C-8F11-444C-9F22-CC012C47165E}.Release|x86.Build.0 = Release|Any CPU
		{F158B7F6-6478-45DA-95D2-042DB0215C48}.Debug|Any CPU.ActiveCfg = Debug|Any CPU
		{F158B7F6-6478-45DA-95D2-042DB0215C48}.Debug|Any CPU.Build.0 = Debug|Any CPU
		{F158B7F6-6478-45DA-95D2-042DB0215C48}.Debug|x64.ActiveCfg = Debug|Any CPU
		{F158B7F6-6478-45DA-95D2-042DB0215C48}.Debug|x64.Build.0 = Debug|Any CPU
		{F158B7F6-6478-45DA-95D2-042DB0215C48}.Debug|x86.ActiveCfg = Debug|Any CPU
		{F158B7F6-6478-45DA-95D2-042DB0215C48}.Debug|x86.Build.0 = Debug|Any CPU
		{F158B7F6-6478-45DA-95D2-042DB0215C48}.Release|Any CPU.ActiveCfg = Release|Any CPU
		{F158B7F6-6478-45DA-95D2-042DB0215C48}.Release|Any CPU.Build.0 = Release|Any CPU
		{F158B7F6-6478-45DA-95D2-042DB0215C48}.Release|x64.ActiveCfg = Release|Any CPU
		{F158B7F6-6478-45DA-95D2-042DB0215C48}.Release|x64.Build.0 = Release|Any CPU
		{F158B7F6-6478-45DA-95D2-042DB0215C48}.Release|x86.ActiveCfg = Release|Any CPU
		{F158B7F6-6478-45DA-95D2-042DB0215C48}.Release|x86.Build.0 = Release|Any CPU
		{8CE2DCCC-B37E-4FC0-A2B7-6534FB747D5A}.Debug|Any CPU.ActiveCfg = Debug|Any CPU
		{8CE2DCCC-B37E-4FC0-A2B7-6534FB747D5A}.Debug|Any CPU.Build.0 = Debug|Any CPU
		{8CE2DCCC-B37E-4FC0-A2B7-6534FB747D5A}.Debug|x64.ActiveCfg = Debug|Any CPU
		{8CE2DCCC-B37E-4FC0-A2B7-6534FB747D5A}.Debug|x64.Build.0 = Debug|Any CPU
		{8CE2DCCC-B37E-4FC0-A2B7-6534FB747D5A}.Debug|x86.ActiveCfg = Debug|Any CPU
		{8CE2DCCC-B37E-4FC0-A2B7-6534FB747D5A}.Debug|x86.Build.0 = Debug|Any CPU
		{8CE2DCCC-B37E-4FC0-A2B7-6534FB747D5A}.Release|Any CPU.ActiveCfg = Release|Any CPU
		{8CE2DCCC-B37E-4FC0-A2B7-6534FB747D5A}.Release|Any CPU.Build.0 = Release|Any CPU
		{8CE2DCCC-B37E-4FC0-A2B7-6534FB747D5A}.Release|x64.ActiveCfg = Release|Any CPU
		{8CE2DCCC-B37E-4FC0-A2B7-6534FB747D5A}.Release|x64.Build.0 = Release|Any CPU
		{8CE2DCCC-B37E-4FC0-A2B7-6534FB747D5A}.Release|x86.ActiveCfg = Release|Any CPU
		{8CE2DCCC-B37E-4FC0-A2B7-6534FB747D5A}.Release|x86.Build.0 = Release|Any CPU
		{FE4ACE06-DE8F-42D9-90F8-F41B562C16F8}.Debug|Any CPU.ActiveCfg = Debug|Any CPU
		{FE4ACE06-DE8F-42D9-90F8-F41B562C16F8}.Debug|Any CPU.Build.0 = Debug|Any CPU
		{FE4ACE06-DE8F-42D9-90F8-F41B562C16F8}.Debug|x64.ActiveCfg = Debug|Any CPU
		{FE4ACE06-DE8F-42D9-90F8-F41B562C16F8}.Debug|x64.Build.0 = Debug|Any CPU
		{FE4ACE06-DE8F-42D9-90F8-F41B562C16F8}.Debug|x86.ActiveCfg = Debug|Any CPU
		{FE4ACE06-DE8F-42D9-90F8-F41B562C16F8}.Debug|x86.Build.0 = Debug|Any CPU
		{FE4ACE06-DE8F-42D9-90F8-F41B562C16F8}.Release|Any CPU.ActiveCfg = Release|Any CPU
		{FE4ACE06-DE8F-42D9-90F8-F41B562C16F8}.Release|Any CPU.Build.0 = Release|Any CPU
		{FE4ACE06-DE8F-42D9-90F8-F41B562C16F8}.Release|x64.ActiveCfg = Release|Any CPU
		{FE4ACE06-DE8F-42D9-90F8-F41B562C16F8}.Release|x64.Build.0 = Release|Any CPU
		{FE4ACE06-DE8F-42D9-90F8-F41B562C16F8}.Release|x86.ActiveCfg = Release|Any CPU
		{FE4ACE06-DE8F-42D9-90F8-F41B562C16F8}.Release|x86.Build.0 = Release|Any CPU
	EndGlobalSection
	GlobalSection(SolutionProperties) = preSolution
		HideSolutionNode = FALSE
	EndGlobalSection
	GlobalSection(NestedProjects) = preSolution
		{8B41540C-8F11-444C-9F22-CC012C47165E} = {1AE8ACA6-933B-BF2A-3671-3E2EAC007D16}
		{F158B7F6-6478-45DA-95D2-042DB0215C48} = {1AE8ACA6-933B-BF2A-3671-3E2EAC007D16}
		{8CE2DCCC-B37E-4FC0-A2B7-6534FB747D5A} = {1AE8ACA6-933B-BF2A-3671-3E2EAC007D16}
		{FE4ACE06-DE8F-42D9-90F8-F41B562C16F8} = {1AE8ACA6-933B-BF2A-3671-3E2EAC007D16}
	EndGlobalSection
	GlobalSection(ExtensibilityGlobals) = postSolution
		SolutionGuid = {C0CC6429-ACC0-4B25-B8C1-92A2FA001B37}
	EndGlobalSection
EndGlobal
